
Microsoft Visual Studio Solution File, Format Version 12.00
# Visual Studio 15
Project("{FAE04EC0-301F-11D3-BF4B-00C04F79EFBC}") = "Obi", "Obi.csproj", "{37450F78-9E48-59CD-614D-A01D0B6DDE89}"
EndProject
Project("{FAE04EC0-301F-11D3-BF4B-00C04F79EFBC}") = "Assembly-CSharp", "Assembly-CSharp.csproj", "{8957D2F4-21C6-4BFF-E92D-A5D2CB824909}"
EndProject
Project("{FAE04EC0-301F-11D3-BF4B-00C04F79EFBC}") = "Assembly-CSharp-Editor", "Assembly-CSharp-Editor.csproj", "{BF980253-A692-168E-87E3-04F11CA92668}"
EndProject
Global
	GlobalSection(SolutionConfigurationPlatforms) = preSolution
		Debug|Any CPU = Debug|Any CPU
		Release|Any CPU = Release|Any CPU
	EndGlobalSection
	GlobalSection(ProjectConfigurationPlatforms) = postSolution
		{37450F78-9E48-59CD-614D-A01D0B6DDE89}.Debug|Any CPU.ActiveCfg = Debug|Any CPU
		{37450F78-9E48-59CD-614D-A01D0B6DDE89}.Debug|Any CPU.Build.0 = Debug|Any CPU
		{37450F78-9E48-59CD-614D-A01D0B6DDE89}.Release|Any CPU.ActiveCfg = Release|Any CPU
		{37450F78-9E48-59CD-614D-A01D0B6DDE89}.Release|Any CPU.Build.0 = Release|Any CPU
		{8957D2F4-21C6-4BFF-E92D-A5D2CB824909}.Debug|Any CPU.ActiveCfg = Debug|Any CPU
		{8957D2F4-21C6-4BFF-E92D-A5D2CB824909}.Debug|Any CPU.Build.0 = Debug|Any CPU
		{8957D2F4-21C6-4BFF-E92D-A5D2CB824909}.Release|Any CPU.ActiveCfg = Release|Any CPU
		{8957D2F4-21C6-4BFF-E92D-A5D2CB824909}.Release|Any CPU.Build.0 = Release|Any CPU
		{BF980253-A692-168E-87E3-04F11CA92668}.Debug|Any CPU.ActiveCfg = Debug|Any CPU
		{BF980253-A692-168E-87E3-04F11CA92668}.Debug|Any CPU.Build.0 = Debug|Any CPU
		{BF980253-A692-168E-87E3-04F11CA92668}.Release|Any CPU.ActiveCfg = Release|Any CPU
		{BF980253-A692-168E-87E3-04F11CA92668}.Release|Any CPU.Build.0 = Release|Any CPU
	EndGlobalSection
	GlobalSection(SolutionProperties) = preSolution
		HideSolutionNode = FALSE
	EndGlobalSection
EndGlobal
